# This file was autogenerated by uv via the following command:
#    uv pip compile pyproject.toml -o uv.lock
absl-py==2.3.1
    # via tensorboard
antlr4-python3-runtime==4.9.3
    # via
    #   hydra-core
    #   omegaconf
audioread==3.1.0
    # via librosa
beautifulsoup4==4.14.3
    # via gdown
certifi==2026.1.4
    # via requests
cffi==2.0.0
    # via
    #   sounddevice
    #   soundfile
chardet==5.2.0
    # via annolid (pyproject.toml)
charset-normalizer==3.4.4
    # via requests
cmap==0.7.0
    # via imgviz
coloredlogs==15.0.1
    # via onnxruntime
contourpy==1.3.2
    # via matplotlib
cycler==0.12.1
    # via matplotlib
decorator==5.2.1
    # via librosa
easydict==1.13
    # via annolid (pyproject.toml)
einops==0.8.1
    # via annolid (pyproject.toml)
ffpyplayer==4.5.3
    # via annolid (pyproject.toml)
filelock==3.20.3
    # via
    #   gdown
    #   huggingface-hub
    #   torch
    #   transformers
flatbuffers==25.12.19
    # via onnxruntime
fonttools==4.61.1
    # via matplotlib
fsspec==2026.1.0
    # via
    #   huggingface-hub
    #   torch
gdown==5.2.1
    # via labelme
grpcio==1.76.0
    # via tensorboard
h5py==3.15.1
    # via annolid (pyproject.toml)
hf-xet==1.2.0
    # via huggingface-hub
huggingface-hub==0.36.0
    # via
    #   annolid (pyproject.toml)
    #   timm
    #   tokenizers
    #   transformers
humanfriendly==10.0
    # via coloredlogs
hydra-core==1.3.2
    # via annolid (pyproject.toml)
idna==3.11
    # via requests
imageio==2.37.2
    # via
    #   annolid (pyproject.toml)
    #   scikit-image
imageio-ffmpeg==0.6.0
    # via annolid (pyproject.toml)
imgviz==1.8.0
    # via labelme
jinja2==3.1.6
    # via torch
joblib==1.5.3
    # via
    #   librosa
    #   scikit-learn
kiwisolver==1.4.9
    # via matplotlib
labelme==5.5.0
    # via annolid (pyproject.toml)
lazy-loader==0.4
    # via
    #   librosa
    #   scikit-image
librosa==0.11.0
    # via annolid (pyproject.toml)
llvmlite==0.46.0
    # via numba
markdown==3.10
    # via tensorboard
markupsafe==3.0.3
    # via
    #   jinja2
    #   werkzeug
matplotlib==3.10.8
    # via
    #   labelme
    #   ultralytics
mpmath==1.3.0
    # via sympy
msgpack==1.1.2
    # via librosa
natsort==8.4.0
    # via labelme
networkx==3.4.2
    # via
    #   scikit-image
    #   torch
numba==0.63.1
    # via librosa
numpy==1.26.4
    # via
    #   annolid (pyproject.toml)
    #   cmap
    #   contourpy
    #   h5py
    #   imageio
    #   imgviz
    #   labelme
    #   librosa
    #   matplotlib
    #   numba
    #   onnxruntime
    #   opencv-contrib-python
    #   opencv-python
    #   pandas
    #   pycocotools
    #   qimage2ndarray
    #   scikit-image
    #   scikit-learn
    #   scipy
    #   shapely
    #   soundfile
    #   soxr
    #   tensorboard
    #   tifffile
    #   torchvision
    #   transformers
    #   ultralytics
    #   ultralytics-thop
omegaconf==2.3.0
    # via
    #   annolid (pyproject.toml)
    #   hydra-core
onnxruntime==1.23.2
    # via labelme
opencv-contrib-python==4.11.0.86
    # via annolid (pyproject.toml)
opencv-python==4.11.0.86
    # via ultralytics
packaging==25.0
    # via
    #   huggingface-hub
    #   hydra-core
    #   lazy-loader
    #   matplotlib
    #   onnxruntime
    #   pooch
    #   qtpy
    #   scikit-image
    #   tensorboard
    #   transformers
pandas==2.3.3
    # via annolid (pyproject.toml)
pillow==11.3.0
    # via
    #   annolid (pyproject.toml)
    #   imageio
    #   imgviz
    #   labelme
    #   matplotlib
    #   scikit-image
    #   tensorboard
    #   torchvision
    #   ultralytics
platformdirs==4.5.1
    # via pooch
polars==1.37.1
    # via ultralytics
polars-runtime-32==1.37.1
    # via polars
pooch==1.8.2
    # via librosa
protobuf==6.33.4
    # via
    #   onnxruntime
    #   tensorboard
psutil==7.2.1
    # via
    #   annolid (pyproject.toml)
    #   ultralytics
pycocotools==2.0.11
    # via annolid (pyproject.toml)
pycparser==2.23
    # via cffi
pyparsing==3.3.1
    # via matplotlib
pyqt5==5.15.11
    # via labelme
pyqt5-qt5==5.15.18
    # via pyqt5
pyqt5-sip==12.18.0
    # via pyqt5
pyserial==3.5
    # via annolid (pyproject.toml)
pysocks==1.7.1
    # via requests
python-dateutil==2.9.0.post0
    # via
    #   matplotlib
    #   pandas
pytz==2025.2
    # via pandas
pyyaml==6.0.3
    # via
    #   annolid (pyproject.toml)
    #   huggingface-hub
    #   labelme
    #   omegaconf
    #   timm
    #   transformers
    #   ultralytics
pyzmq==27.1.0
    # via annolid (pyproject.toml)
qimage2ndarray==1.10.0
    # via annolid (pyproject.toml)
qtpy==2.4.3
    # via labelme
regex==2026.1.15
    # via transformers
requests==2.32.5
    # via
    #   gdown
    #   huggingface-hub
    #   pooch
    #   transformers
    #   ultralytics
ruamel-yaml==0.19.1
    # via tree-config
safetensors==0.7.0
    # via
    #   timm
    #   transformers
scikit-image==0.25.2
    # via labelme
scikit-learn==1.7.2
    # via librosa
scipy==1.15.3
    # via
    #   annolid (pyproject.toml)
    #   librosa
    #   scikit-image
    #   scikit-learn
    #   ultralytics
setuptools==80.9.0
    # via tensorboard
shapely==2.1.2
    # via annolid (pyproject.toml)
six==1.17.0
    # via python-dateutil
sounddevice==0.5.3
    # via annolid (pyproject.toml)
soundfile==0.13.1
    # via librosa
soupsieve==2.8.3
    # via beautifulsoup4
soxr==1.0.0
    # via librosa
sympy==1.14.0
    # via
    #   onnxruntime
    #   torch
tensorboard==2.20.0
    # via annolid (pyproject.toml)
tensorboard-data-server==0.7.2
    # via tensorboard
termcolor==3.3.0
    # via labelme
threadpoolctl==3.6.0
    # via scikit-learn
tifffile==2025.5.10
    # via scikit-image
timm==1.0.24
    # via annolid (pyproject.toml)
tokenizers==0.22.2
    # via
    #   annolid (pyproject.toml)
    #   transformers
torch==2.9.1
    # via
    #   annolid (pyproject.toml)
    #   timm
    #   torchvision
    #   ultralytics
    #   ultralytics-thop
torchvision==0.24.1
    # via
    #   annolid (pyproject.toml)
    #   timm
    #   ultralytics
tqdm==4.67.1
    # via
    #   annolid (pyproject.toml)
    #   gdown
    #   huggingface-hub
    #   transformers
transformers==4.57.6
    # via annolid (pyproject.toml)
tree-config==1.0.2
    # via annolid (pyproject.toml)
typing-extensions==4.15.0
    # via
    #   beautifulsoup4
    #   grpcio
    #   huggingface-hub
    #   librosa
    #   torch
tzdata==2025.3
    # via pandas
ultralytics==8.4.6
    # via annolid (pyproject.toml)
ultralytics-thop==2.0.18
    # via ultralytics
urllib3==2.6.3
    # via requests
werkzeug==3.1.5
    # via tensorboard
